
Microsoft Visual Studio Solution File, Format Version 12.00
# Visual Studio 15
VisualStudioVersion = 15.0.28307.539
MinimumVisualStudioVersion = 10.0.40219.1
Project("{FAE04EC0-301F-11D3-BF4B-00C04F79EFBC}") = "GUI", "GUI\GUI.csproj", "{5793A44E-9AF1-4063-9BED-5577D9D0AF52}"
EndProject
Project("{FAE04EC0-301F-11D3-BF4B-00C04F79EFBC}") = "DTO", "DTO\DTO.csproj", "{4BC08365-23F1-467A-9C0A-AB68D5BB89CF}"
EndProject
Project("{FAE04EC0-301F-11D3-BF4B-00C04F79EFBC}") = "BUS", "BUS\BUS.csproj", "{FE97242E-E678-42E2-AA6E-111915D4F081}"
EndProject
Project("{FAE04EC0-301F-11D3-BF4B-00C04F79EFBC}") = "DAL", "DAL\DAL.csproj", "{2FE01C60-B77A-4EE8-BAA4-F7B28CADC0E3}"
EndProject
Global
	GlobalSection(SolutionConfigurationPlatforms) = preSolution
		Debug|Any CPU = Debug|Any CPU
		Release|Any CPU = Release|Any CPU
	EndGlobalSection
	GlobalSection(ProjectConfigurationPlatforms) = postSolution
		{5793A44E-9AF1-4063-9BED-5577D9D0AF52}.Debug|Any CPU.ActiveCfg = Debug|Any CPU
		{5793A44E-9AF1-4063-9BED-5577D9D0AF52}.Debug|Any CPU.Build.0 = Debug|Any CPU
		{5793A44E-9AF1-4063-9BED-5577D9D0AF52}.Release|Any CPU.ActiveCfg = Release|Any CPU
		{5793A44E-9AF1-4063-9BED-5577D9D0AF52}.Release|Any CPU.Build.0 = Release|Any CPU
		{4BC08365-23F1-467A-9C0A-AB68D5BB89CF}.Debug|Any CPU.ActiveCfg = Debug|Any CPU
		{4BC08365-23F1-467A-9C0A-AB68D5BB89CF}.Debug|Any CPU.Build.0 = Debug|Any CPU
		{4BC08365-23F1-467A-9C0A-AB68D5BB89CF}.Release|Any CPU.ActiveCfg = Release|Any CPU
		{4BC08365-23F1-467A-9C0A-AB68D5BB89CF}.Release|Any CPU.Build.0 = Release|Any CPU
		{FE97242E-E678-42E2-AA6E-111915D4F081}.Debug|Any CPU.ActiveCfg = Debug|Any CPU
		{FE97242E-E678-42E2-AA6E-111915D4F081}.Debug|Any CPU.Build.0 = Debug|Any CPU
		{FE97242E-E678-42E2-AA6E-111915D4F081}.Release|Any CPU.ActiveCfg = Release|Any CPU
		{FE97242E-E678-42E2-AA6E-111915D4F081}.Release|Any CPU.Build.0 = Release|Any CPU
		{2FE01C60-B77A-4EE8-BAA4-F7B28CADC0E3}.Debug|Any CPU.ActiveCfg = Debug|Any CPU
		{2FE01C60-B77A-4EE8-BAA4-F7B28CADC0E3}.Debug|Any CPU.Build.0 = Debug|Any CPU
		{2FE01C60-B77A-4EE8-BAA4-F7B28CADC0E3}.Release|Any CPU.ActiveCfg = Release|Any CPU
		{2FE01C60-B77A-4EE8-BAA4-F7B28CADC0E3}.Release|Any CPU.Build.0 = Release|Any CPU
	EndGlobalSection
	GlobalSection(SolutionProperties) = preSolution
		HideSolutionNode = FALSE
	EndGlobalSection
	GlobalSection(ExtensibilityGlobals) = postSolution
		SolutionGuid = {A125B067-B86E-4640-A67D-D1FCFDC07F77}
	EndGlobalSection
EndGlobal
